
Microsoft Visual Studio Solution File, Format Version 12.00
# Visual Studio Version 17
VisualStudioVersion = 17.8.36129.11
MinimumVisualStudioVersion = 10.0.40219.1
Project("{FAE04EC0-301F-11D3-BF4B-00C04F79EFBC}") = "SintesisV-3", "src\SintesisV-3\SintesisV-3.csproj", "{696E9797-FB3B-4BFF-9038-8E1654AFFB32}"
EndProject
Global
	GlobalSection(SolutionConfigurationPlatforms) = preSolution
		Debug|Any CPU = Debug|Any CPU
		Release|Any CPU = Release|Any CPU
	EndGlobalSection
	GlobalSection(ProjectConfigurationPlatforms) = postSolution
		{696E9797-FB3B-4BFF-9038-8E1654AFFB32}.Debug|Any CPU.ActiveCfg = Debug|Any CPU
		{696E9797-FB3B-4BFF-9038-8E1654AFFB32}.Debug|Any CPU.Build.0 = Debug|Any CPU
		{696E9797-FB3B-4BFF-9038-8E1654AFFB32}.Release|Any CPU.ActiveCfg = Release|Any CPU
		{696E9797-FB3B-4BFF-9038-8E1654AFFB32}.Release|Any CPU.Build.0 = Release|Any CPU
	EndGlobalSection
	GlobalSection(SolutionProperties) = preSolution
		HideSolutionNode = FALSE
	EndGlobalSection
	GlobalSection(ExtensibilityGlobals) = postSolution
		SolutionGuid = {814CA9F5-CE3A-468B-B9A4-8753BC46609F}
	EndGlobalSection
EndGlobal
